
Microsoft Visual Studio Solution File, Format Version 12.00
# Visual Studio Version 16
VisualStudioVersion = 16.0.28803.202
MinimumVisualStudioVersion = 10.0.40219.1
Project("{FAE04EC0-301F-11D3-BF4B-00C04F79EFBC}") = "HelloWorldCore", "HelloWorldCore\HelloWorldCore.csproj", "{F89423F9-4B92-4CC2-860F-4B4F0FCA3EBE}"
EndProject
Global
	GlobalSection(SolutionConfigurationPlatforms) = preSolution
		Debug|Any CPU = Debug|Any CPU
		Release|Any CPU = Release|Any CPU
	EndGlobalSection
	GlobalSection(ProjectConfigurationPlatforms) = postSolution
		{F89423F9-4B92-4CC2-860F-4B4F0FCA3EBE}.Debug|Any CPU.ActiveCfg = Debug|Any CPU
		{F89423F9-4B92-4CC2-860F-4B4F0FCA3EBE}.Debug|Any CPU.Build.0 = Debug|Any CPU
		{F89423F9-4B92-4CC2-860F-4B4F0FCA3EBE}.Release|Any CPU.ActiveCfg = Release|Any CPU
		{F89423F9-4B92-4CC2-860F-4B4F0FCA3EBE}.Release|Any CPU.Build.0 = Release|Any CPU
	EndGlobalSection
	GlobalSection(SolutionProperties) = preSolution
		HideSolutionNode = FALSE
	EndGlobalSection
	GlobalSection(ExtensibilityGlobals) = postSolution
		SolutionGuid = {6A0AD029-2F56-47E8-9F80-706A45DB5137}
	EndGlobalSection
EndGlobal
